schema: '2.0'
stages:
  train:
    cmd: python train.py
    deps:
    - path: data
      md5: 21060888834f7220846d1c6f6c04e649.dir
      size: 64128504
      nfiles: 2800
    - path: train.py
      md5: e0566b5d53a8f6549676d2816d25730d
      size: 4383
    outs:
    - path: metrics.csv
      md5: 552063bd696e5f58481f9ab45b865c58
      size: 831
    - path: model.h5
      md5: 6f3c83868bf480aa9377aa20b2439922
      size: 8577632
